// !$*UTF8*$!
{
	archiveVersion = 1;
	classes = {
	};
	objectVersion = 48;
	objects = {

/* Begin PBXBuildFile section */
		586651C8200C043D00D1DAB9 /* AppDelegate.swift in Sources */ = {isa = PBXBuildFile; fileRef = 586651C7200C043D00D1DAB9 /* AppDelegate.swift */; };
		586651CA200C043D00D1DAB9 /* ViewController.swift in Sources */ = {isa = PBXBuildFile; fileRef = 586651C9200C043D00D1DAB9 /* ViewController.swift */; };
		586651CD200C043D00D1DAB9 /* Main.storyboard in Resources */ = {isa = PBXBuildFile; fileRef = 586651CB200C043D00D1DAB9 /* Main.storyboard */; };
		586651CF200C043D00D1DAB9 /* Assets.xcassets in Resources */ = {isa = PBXBuildFile; fileRef = 586651CE200C043D00D1DAB9 /* Assets.xcassets */; };
		586651D2200C043D00D1DAB9 /* LaunchScreen.storyboard in Resources */ = {isa = PBXBuildFile; fileRef = 586651D0200C043D00D1DAB9 /* LaunchScreen.storyboard */; };
		58BECCC7200C379700C96203 /* iris.mlmodel in Sources */ = {isa = PBXBuildFile; fileRef = 58BECCC6200C379700C96203 /* iris.mlmodel */; };
		58BECCCB200C383500C96203 /* iris-setosa.jpg in Resources */ = {isa = PBXBuildFile; fileRef = 58BECCC8200C383400C96203 /* iris-setosa.jpg */; };
		58BECCCC200C383500C96203 /* iris-virginica.jpg in Resources */ = {isa = PBXBuildFile; fileRef = 58BECCC9200C383500C96203 /* iris-virginica.jpg */; };
		58BECCCD200C383500C96203 /* iris-versicolor.jpg in Resources */ = {isa = PBXBuildFile; fileRef = 58BECCCA200C383500C96203 /* iris-versicolor.jpg */; };
/* End PBXBuildFile section */

/* Begin PBXFileReference section */
		586651C4200C043D00D1DAB9 /* datasetML.app */ = {isa = PBXFileReference; explicitFileType = wrapper.application; includeInIndex = 0; path = datasetML.app; sourceTree = BUILT_PRODUCTS_DIR; };
		586651C7200C043D00D1DAB9 /* AppDelegate.swift */ = {isa = PBXFileReference; lastKnownFileType = sourcecode.swift; path = AppDelegate.swift; sourceTree = "<group>"; };
		586651C9200C043D00D1DAB9 /* ViewController.swift */ = {isa = PBXFileReference; lastKnownFileType = sourcecode.swift; path = ViewController.swift; sourceTree = "<group>"; };
		586651CC200C043D00D1DAB9 /* Base */ = {isa = PBXFileReference; lastKnownFileType = file.storyboard; name = Base; path = Base.lproj/Main.storyboard; sourceTree = "<group>"; };
		586651CE200C043D00D1DAB9 /* Assets.xcassets */ = {isa = PBXFileReference; lastKnownFileType = folder.assetcatalog; path = Assets.xcassets; sourceTree = "<group>"; };
		586651D1200C043D00D1DAB9 /* Base */ = {isa = PBXFileReference; lastKnownFileType = file.storyboard; name = Base; path = Base.lproj/LaunchScreen.storyboard; sourceTree = "<group>"; };
		586651D3200C043D00D1DAB9 /* Info.plist */ = {isa = PBXFileReference; lastKnownFileType = text.plist.xml; path = Info.plist; sourceTree = "<group>"; };
		58BECCC6200C379700C96203 /* iris.mlmodel */ = {isa = PBXFileReference; lastKnownFileType = file.mlmodel; path = iris.mlmodel; sourceTree = "<group>"; };
		58BECCC8200C383400C96203 /* iris-setosa.jpg */ = {isa = PBXFileReference; lastKnownFileType = image.jpeg; name = "iris-setosa.jpg"; path = "../../../Downloads/MLDataSets 2/MLDataSets/iris-setosa.jpg"; sourceTree = "<group>"; };
		58BECCC9200C383500C96203 /* iris-virginica.jpg */ = {isa = PBXFileReference; lastKnownFileType = image.jpeg; name = "iris-virginica.jpg"; path = "../../../Downloads/MLDataSets 2/MLDataSets/iris-virginica.jpg"; sourceTree = "<group>"; };
		58BECCCA200C383500C96203 /* iris-versicolor.jpg */ = {isa = PBXFileReference; lastKnownFileType = image.jpeg; name = "iris-versicolor.jpg"; path = "../../../Downloads/MLDataSets 2/MLDataSets/iris-versicolor.jpg"; sourceTree = "<group>"; };
/* End PBXFileReference section */

/* Begin PBXFrameworksBuildPhase section */
		586651C1200C043D00D1DAB9 /* Frameworks */ = {
			isa = PBXFrameworksBuildPhase;
			buildActionMask = 2147483647;
			files = (
			);
			runOnlyForDeploymentPostprocessing = 0;
		};
/* End PBXFrameworksBuildPhase section */

/* Begin PBXGroup section */
		586651BB200C043D00D1DAB9 = {
			isa = PBXGroup;
			children = (
				586651C6200C043D00D1DAB9 /* datasetML */,
				586651C5200C043D00D1DAB9 /* Products */,
			);
			sourceTree = "<group>";
		};
		586651C5200C043D00D1DAB9 /* Products */ = {
			isa = PBXGroup;
			children = (
				586651C4200C043D00D1DAB9 /* datasetML.app */,
			);
			name = Products;
			sourceTree = "<group>";
		};
		586651C6200C043D00D1DAB9 /* datasetML */ = {
			isa = PBXGroup;
			children = (
				58BECCC8200C383400C96203 /* iris-setosa.jpg */,
				58BECCCA200C383500C96203 /* iris-versicolor.jpg */,
				58BECCC9200C383500C96203 /* iris-virginica.jpg */,
				58BECCC6200C379700C96203 /* iris.mlmodel */,
				586651C7200C043D00D1DAB9 /* AppDelegate.swift */,
				586651C9200C043D00D1DAB9 /* ViewController.swift */,
				586651CB200C043D00D1DAB9 /* Main.storyboard */,
				586651CE200C043D00D1DAB9 /* Assets.xcassets */,
				586651D0200C043D00D1DAB9 /* LaunchScreen.storyboard */,
				586651D3200C043D00D1DAB9 /* Info.plist */,
			);
			path = datasetML;
			sourceTree = "<group>";
		};
/* End PBXGroup section */

/* Begin PBXNativeTarget section */
		586651C3200C043D00D1DAB9 /* datasetML */ = {
			isa = PBXNativeTarget;
			buildConfigurationList = 586651D6200C043D00D1DAB9 /* Build configuration list for PBXNativeTarget "datasetML" */;
			buildPhases = (
				586651C0200C043D00D1DAB9 /* Sources */,
				586651C1200C043D00D1DAB9 /* Frameworks */,
				586651C2200C043D00D1DAB9 /* Resources */,
			);
			buildRules = (
			);
			dependencies = (
			);
			name = datasetML;
			productName = datasetML;
			productReference = 586651C4200C043D00D1DAB9 /* datasetML.app */;
			productType = "com.apple.product-type.application";
		};
/* End PBXNativeTarget section */

/* Begin PBXProject section */
		586651BC200C043D00D1DAB9 /* Project object */ = {
			isa = PBXProject;
			attributes = {
				LastSwiftUpdateCheck = 0920;
				LastUpgradeCheck = 0920;
				ORGANIZATIONNAME = "Nasir Uddin";
				TargetAttributes = {
					586651C3200C043D00D1DAB9 = {
						CreatedOnToolsVersion = 9.2;
						ProvisioningStyle = Automatic;
					};
				};
			};
			buildConfigurationList = 586651BF200C043D00D1DAB9 /* Build configuration list for PBXProject "datasetML" */;
			compatibilityVersion = "Xcode 8.0";
			developmentRegion = en;
			hasScannedForEncodings = 0;
			knownRegions = (
				en,
				Base,
			);
			mainGroup = 586651BB200C043D00D1DAB9;
			productRefGroup = 586651C5200C043D00D1DAB9 /* Products */;
			projectDirPath = "";
			projectRoot = "";
			targets = (
				586651C3200C043D00D1DAB9 /* datasetML */,
			);
		};
/* End PBXProject section */

/* Begin PBXResourcesBuildPhase section */
		586651C2200C043D00D1DAB9 /* Resources */ = {
			isa = PBXResourcesBuildPhase;
			buildActionMask = 2147483647;
			files = (
				58BECCCD200C383500C96203 /* iris-versicolor.jpg in Resources */,
				58BECCCC200C383500C96203 /* iris-virginica.jpg in Resources */,
				586651D2200C043D00D1DAB9 /* LaunchScreen.storyboard in Resources */,
				58BECCCB200C383500C96203 /* iris-setosa.jpg in Resources */,
				586651CF200C043D00D1DAB9 /* Assets.xcassets in Resources */,
				586651CD200C043D00D1DAB9 /* Main.storyboard in Resources */,
			);
			runOnlyForDeploymentPostprocessing = 0;
		};
/* End PBXResourcesBuildPhase section */

/* Begin PBXSourcesBuildPhase section */
		586651C0200C043D00D1DAB9 /* Sources */ = {
			isa = PBXSourcesBuildPhase;
			buildActionMask = 2147483647;
			files = (
				58BECCC7200C379700C96203 /* iris.mlmodel in Sources */,
				586651CA200C043D00D1DAB9 /* ViewController.swift in Sources */,
				586651C8200C043D00D1DAB9 /* AppDelegate.swift in Sources */,
			);
			runOnlyForDeploymentPostprocessing = 0;
		};
/* End PBXSourcesBuildPhase section */

/* Begin PBXVariantGroup section */
		586651CB200C043D00D1DAB9 /* Main.storyboard */ = {
			isa = PBXVariantGroup;
			children = (
				586651CC200C043D00D1DAB9 /* Base */,
			);
			name = Main.storyboard;
			sourceTree = "<group>";
		};
		586651D0200C043D00D1DAB9 /* LaunchScreen.storyboard */ = {
			isa = PBXVariantGroup;
			children = (
				586651D1200C043D00D1DAB9 /* Base */,
			);
			name = LaunchScreen.storyboard;
			sourceTree = "<group>";
		};
/* End PBXVariantGroup section */

/* Begin XCBuildConfiguration section */
		586651D4200C043D00D1DAB9 /* Debug */ = {
			isa = XCBuildConfiguration;
			buildSettings = {
				ALWAYS_SEARCH_USER_PATHS = NO;
				CLANG_ANALYZER_NONNULL = YES;
				CLANG_ANALYZER_NUMBER_OBJECT_CONVERSION = YES_AGGRESSIVE;
				CLANG_CXX_LANGUAGE_STANDARD = "gnu++14";
				CLANG_CXX_LIBRARY = "libc++";
				CLANG_ENABLE_MODULES = YES;
				CLANG_ENABLE_OBJC_ARC = YES;
				CLANG_WARN_BLOCK_CAPTURE_AUTORELEASING = YES;
				CLANG_WARN_BOOL_CONVERSION = YES;
				CLANG_WARN_COMMA = YES;
				CLANG_WARN_CONSTANT_CONVERSION = YES;
				CLANG_WARN_DIRECT_OBJC_ISA_USAGE = YES_ERROR;
				CLANG_WARN_DOCUMENTATION_COMMENTS = YES;
				CLANG_WARN_EMPTY_BODY = YES;
				CLANG_WARN_ENUM_CONVERSION = YES;
				CLANG_WARN_INFINITE_RECURSION = YES;
				CLANG_WARN_INT_CONVERSION = YES;
				CLANG_WARN_NON_LITERAL_NULL_CONVERSION = YES;
				CLANG_WARN_OBJC_LITERAL_CONVERSION = YES;
				CLANG_WARN_OBJC_ROOT_CLASS = YES_ERROR;
				CLANG_WARN_RANGE_LOOP_ANALYSIS = YES;
				CLANG_WARN_STRICT_PROTOTYPES = YES;
				CLANG_WARN_SUSPICIOUS_MOVE = YES;
				CLANG_WARN_UNGUARDED_AVAILABILITY = YES_AGGRESSIVE;
				CLANG_WARN_UNREACHABLE_CODE = YES;
				CLANG_WARN__DUPLICATE_METHOD_MATCH = YES;
				CODE_SIGN_IDENTITY = "iPhone Developer";
				COPY_PHASE_STRIP = NO;
				DEBUG_INFORMATION_FORMAT = dwarf;
				ENABLE_STRICT_OBJC_MSGSEND = YES;
				ENABLE_TESTABILITY = YES;
				GCC_C_LANGUAGE_STANDARD = gnu11;
				GCC_DYNAMIC_NO_PIC = NO;
				GCC_NO_COMMON_BLOCKS = YES;
				GCC_OPTIMIZATION_LEVEL = 0;
				GCC_PREPROCESSOR_DEFINITIONS = (
					"DEBUG=1",
					"$(inherited)",
				);
				GCC_WARN_64_TO_32_BIT_CONVERSION = YES;
				GCC_WARN_ABOUT_RETURN_TYPE = YES_ERROR;
				GCC_WARN_UNDECLARED_SELECTOR = YES;
				GCC_WARN_UNINITIALIZED_AUTOS = YES_AGGRESSIVE;
				GCC_WARN_UNUSED_FUNCTION = YES;
				GCC_WARN_UNUSED_VARIABLE = YES;
				IPHONEOS_DEPLOYMENT_TARGET = 11.2;
				MTL_ENABLE_DEBUG_INFO = YES;
				ONLY_ACTIVE_ARCH = YES;
				SDKROOT = iphoneos;
				SWIFT_ACTIVE_COMPILATION_CONDITIONS = DEBUG;
				SWIFT_OPTIMIZATION_LEVEL = "-Onone";
			};
			name = Debug;
		};
		586651D5200C043D00D1DAB9 /* Release */ = {
			isa = XCBuildConfiguration;
			buildSettings = {
				ALWAYS_SEARCH_USER_PATHS = NO;
				CLANG_ANALYZER_NONNULL = YES;
				CLANG_ANALYZER_NUMBER_OBJECT_CONVERSION = YES_AGGRESSIVE;
				CLANG_CXX_LANGUAGE_STANDARD = "gnu++14";
				CLANG_CXX_LIBRARY = "libc++";
				CLANG_ENABLE_MODULES = YES;
				CLANG_ENABLE_OBJC_ARC = YES;
				CLANG_WARN_BLOCK_CAPTURE_AUTORELEASING = YES;
				CLANG_WARN_BOOL_CONVERSION = YES;
				CLANG_WARN_COMMA = YES;
				CLANG_WARN_CONSTANT_CONVERSION = YES;
				CLANG_WARN_DIRECT_OBJC_ISA_USAGE = YES_ERROR;
				CLANG_WARN_DOCUMENTATION_COMMENTS = YES;
				CLANG_WARN_EMPTY_BODY = YES;
				CLANG_WARN_ENUM_CONVERSION = YES;
				CLANG_WARN_INFINITE_RECURSION = YES;
				CLANG_WARN_INT_CONVERSION = YES;
				CLANG_WARN_NON_LITERAL_NULL_CONVERSION = YES;
				CLANG_WARN_OBJC_LITERAL_CONVERSION = YES;
				CLANG_WARN_OBJC_ROOT_CLASS = YES_ERROR;
				CLANG_WARN_RANGE_LOOP_ANALYSIS = YES;
				CLANG_WARN_STRICT_PROTOTYPES = YES;
				CLANG_WARN_SUSPICIOUS_MOVE = YES;
				CLANG_WARN_UNGUARDED_AVAILABILITY = YES_AGGRESSIVE;
				CLANG_WARN_UNREACHABLE_CODE = YES;
				CLANG_WARN__DUPLICATE_METHOD_MATCH = YES;
				CODE_SIGN_IDENTITY = "iPhone Developer";
				COPY_PHASE_STRIP = NO;
				DEBUG_INFORMATION_FORMAT = "dwarf-with-dsym";
				ENABLE_NS_ASSERTIONS = NO;
				ENABLE_STRICT_OBJC_MSGSEND = YES;
				GCC_C_LANGUAGE_STANDARD = gnu11;
				GCC_NO_COMMON_BLOCKS = YES;
				GCC_WARN_64_TO_32_BIT_CONVERSION = YES;
				GCC_WARN_ABOUT_RETURN_TYPE = YES_ERROR;
				GCC_WARN_UNDECLARED_SELECTOR = YES;
				GCC_WARN_UNINITIALIZED_AUTOS = YES_AGGRESSIVE;
				GCC_WARN_UNUSED_FUNCTION = YES;
				GCC_WARN_UNUSED_VARIABLE = YES;
				IPHONEOS_DEPLOYMENT_TARGET = 11.2;
				MTL_ENABLE_DEBUG_INFO = NO;
				SDKROOT = iphoneos;
				SWIFT_OPTIMIZATION_LEVEL = "-Owholemodule";
				VALIDATE_PRODUCT = YES;
			};
			name = Release;
		};
		586651D7200C043D00D1DAB9 /* Debug */ = {
			isa = XCBuildConfiguration;
			buildSettings = {
				ASSETCATALOG_COMPILER_APPICON_NAME = AppIcon;
				CODE_SIGN_STYLE = Automatic;
				DEVELOPMENT_TEAM = 6L993NAN4B;
				INFOPLIST_FILE = datasetML/Info.plist;
				LD_RUNPATH_SEARCH_PATHS = "$(inherited) @executable_path/Frameworks";
				PRODUCT_BUNDLE_IDENTIFIER = "https---github.com-nasirtrekker.datasetML";
				PRODUCT_NAME = "$(TARGET_NAME)";
				SWIFT_VERSION = 4.0;
				TARGETED_DEVICE_FAMILY = "1,2";
			};
			name = Debug;
		};
		586651D8200C043D00D1DAB9 /* Release */ = {
			isa = XCBuildConfiguration;
			buildSettings = {
				ASSETCATALOG_COMPILER_APPICON_NAME = AppIcon;
				CODE_SIGN_STYLE = Automatic;
				DEVELOPMENT_TEAM = 6L993NAN4B;
				INFOPLIST_FILE = datasetML/Info.plist;
				LD_RUNPATH_SEARCH_PATHS = "$(inherited) @executable_path/Frameworks";
				PRODUCT_BUNDLE_IDENTIFIER = "https---github.com-nasirtrekker.datasetML";
				PRODUCT_NAME = "$(TARGET_NAME)";
				SWIFT_VERSION = 4.0;
				TARGETED_DEVICE_FAMILY = "1,2";
			};
			name = Release;
		};
/* End XCBuildConfiguration section */

/* Begin XCConfigurationList section */
		586651BF200C043D00D1DAB9 /* Build configuration list for PBXProject "datasetML" */ = {
			isa = XCConfigurationList;
			buildConfigurations = (
				586651D4200C043D00D1DAB9 /* Debug */,
				586651D5200C043D00D1DAB9 /* Release */,
			);
			defaultConfigurationIsVisible = 0;
			defaultConfigurationName = Release;
		};
		586651D6200C043D00D1DAB9 /* Build configuration list for PBXNativeTarget "datasetML" */ = {
			isa = XCConfigurationList;
			buildConfigurations = (
				586651D7200C043D00D1DAB9 /* Debug */,
				586651D8200C043D00D1DAB9 /* Release */,
			);
			defaultConfigurationIsVisible = 0;
			defaultConfigurationName = Release;
		};
/* End XCConfigurationList section */
	};
	rootObject = 586651BC200C043D00D1DAB9 /* Project object */;
}
